// !$*UTF8*$!
{
	archiveVersion = 1;
	classes = {
	};
	objectVersion = 56;
	objects = {

/* Begin PBXBuildFile section */
		4B3BB2F22C2D4DBB00488386 /* DrawingCanvasView.swift in Sources */ = {isa = PBXBuildFile; fileRef = 4B3BB2F12C2D4DBB00488386 /* DrawingCanvasView.swift */; };
		4B3BB2F42C2D4E1D00488386 /* DrawingCanvasViewController.swift in Sources */ = {isa = PBXBuildFile; fileRef = 4B3BB2F32C2D4E1D00488386 /* DrawingCanvasViewController.swift */; };
		4BB4890A2C33F33000AF3ED1 /* PracticeView.swift in Sources */ = {isa = PBXBuildFile; fileRef = 4BB489092C33F33000AF3ED1 /* PracticeView.swift */; };
		4BB4890C2C349B7300AF3ED1 /* PopUpConfirmationClosed.swift in Sources */ = {isa = PBXBuildFile; fileRef = 4BB4890B2C349B7300AF3ED1 /* PopUpConfirmationClosed.swift */; };
		7960B3972C32591E00F32B06 /* SplashView.swift in Sources */ = {isa = PBXBuildFile; fileRef = 7960B3962C32591E00F32B06 /* SplashView.swift */; };
		7960B39D2C32605300F32B06 /* OnBoardingView.swift in Sources */ = {isa = PBXBuildFile; fileRef = 7960B39C2C32605300F32B06 /* OnBoardingView.swift */; };
		799B94752C387B1E00FC2341 /* HomeFirstTimeView.swift in Sources */ = {isa = PBXBuildFile; fileRef = 799B94742C387B1E00FC2341 /* HomeFirstTimeView.swift */; };
		79C2A1D42C330CAB007D16D3 /* FirstOnboarding.swift in Sources */ = {isa = PBXBuildFile; fileRef = 79C2A1D32C330CAB007D16D3 /* FirstOnboarding.swift */; };
		79C2A1D62C330D43007D16D3 /* SecondOnboarding.swift in Sources */ = {isa = PBXBuildFile; fileRef = 79C2A1D52C330D43007D16D3 /* SecondOnboarding.swift */; };
		79C2A1D82C330D65007D16D3 /* ThirdOnboarding.swift in Sources */ = {isa = PBXBuildFile; fileRef = 79C2A1D72C330D65007D16D3 /* ThirdOnboarding.swift */; };
		79DCF5082C35C1D400C5A16D /* HistoryView.swift in Sources */ = {isa = PBXBuildFile; fileRef = 79DCF5072C35C1D400C5A16D /* HistoryView.swift */; };
		E7436F042C342A8300C3635F /* PopUpConfirmation.swift in Sources */ = {isa = PBXBuildFile; fileRef = E7436F032C342A8300C3635F /* PopUpConfirmation.swift */; };
		E7436F072C345EE800C3635F /* Lottie in Frameworks */ = {isa = PBXBuildFile; productRef = E7436F062C345EE800C3635F /* Lottie */; };
		E75D61E32C33E5D30067A9E3 /* PreviewCameraView.swift in Sources */ = {isa = PBXBuildFile; fileRef = E75D61E22C33E5D30067A9E3 /* PreviewCameraView.swift */; };
		E75D61E52C33EE690067A9E3 /* CustomCameraView.swift in Sources */ = {isa = PBXBuildFile; fileRef = E75D61E42C33EE690067A9E3 /* CustomCameraView.swift */; };
		E763DBA12C2AFEF80087EA5B /* pawprintApp.swift in Sources */ = {isa = PBXBuildFile; fileRef = E763DBA02C2AFEF80087EA5B /* pawprintApp.swift */; };
		E763DBA32C2AFEF80087EA5B /* ContentView.swift in Sources */ = {isa = PBXBuildFile; fileRef = E763DBA22C2AFEF80087EA5B /* ContentView.swift */; };
		E763DBA52C2AFEF90087EA5B /* Assets.xcassets in Resources */ = {isa = PBXBuildFile; fileRef = E763DBA42C2AFEF90087EA5B /* Assets.xcassets */; };
		E763DBA82C2AFEF90087EA5B /* Preview Assets.xcassets in Resources */ = {isa = PBXBuildFile; fileRef = E763DBA72C2AFEF90087EA5B /* Preview Assets.xcassets */; };
		E77E070D2C3675170036E9AC /* PracticeViewModel.swift in Sources */ = {isa = PBXBuildFile; fileRef = E77E070C2C3675170036E9AC /* PracticeViewModel.swift */; };
		E77E070F2C3675200036E9AC /* HistoryViewModel.swift in Sources */ = {isa = PBXBuildFile; fileRef = E77E070E2C3675200036E9AC /* HistoryViewModel.swift */; };
		E77E07122C3678B80036E9AC /* GroupLetter.swift in Sources */ = {isa = PBXBuildFile; fileRef = E77E07112C3678B80036E9AC /* GroupLetter.swift */; };
		E7ACC69D2C368DF70098E076 /* HomeView.swift in Sources */ = {isa = PBXBuildFile; fileRef = E7ACC6992C368DF70098E076 /* HomeView.swift */; };
		E7ACC69E2C368DF70098E076 /* HomeResultView.swift in Sources */ = {isa = PBXBuildFile; fileRef = E7ACC69B2C368DF70098E076 /* HomeResultView.swift */; };
		E7ACC69F2C368DF70098E076 /* GroupLetterSectionView.swift in Sources */ = {isa = PBXBuildFile; fileRef = E7ACC69C2C368DF70098E076 /* GroupLetterSectionView.swift */; };
		E7ACC6A12C368E150098E076 /* HomeViewModel.swift in Sources */ = {isa = PBXBuildFile; fileRef = E7ACC6A02C368E150098E076 /* HomeViewModel.swift */; };
		E7B00C512C328DF900FAEF87 /* HandwritingAnalyzeResultViewModel.swift in Sources */ = {isa = PBXBuildFile; fileRef = E7B00C502C328DF900FAEF87 /* HandwritingAnalyzeResultViewModel.swift */; };
		E7B00C532C328E3A00FAEF87 /* WordResult.swift in Sources */ = {isa = PBXBuildFile; fileRef = E7B00C522C328E3A00FAEF87 /* WordResult.swift */; };
		E7B00C552C328EF800FAEF87 /* HandwritingAssessmentResultView.swift in Sources */ = {isa = PBXBuildFile; fileRef = E7B00C542C328EF800FAEF87 /* HandwritingAssessmentResultView.swift */; };
		E7B00C582C3293B500FAEF87 /* PawPrintButtonStyle.swift in Sources */ = {isa = PBXBuildFile; fileRef = E7B00C572C3293B500FAEF87 /* PawPrintButtonStyle.swift */; };
		E7B00C5D2C33E36900FAEF87 /* CameraHandler.swift in Sources */ = {isa = PBXBuildFile; fileRef = E7B00C5C2C33E36900FAEF87 /* CameraHandler.swift */; };
/* End PBXBuildFile section */

/* Begin PBXFileReference section */
		4B3BB2F12C2D4DBB00488386 /* DrawingCanvasView.swift */ = {isa = PBXFileReference; lastKnownFileType = sourcecode.swift; path = DrawingCanvasView.swift; sourceTree = "<group>"; };
		4B3BB2F32C2D4E1D00488386 /* DrawingCanvasViewController.swift */ = {isa = PBXFileReference; lastKnownFileType = sourcecode.swift; path = DrawingCanvasViewController.swift; sourceTree = "<group>"; };
		4BB489092C33F33000AF3ED1 /* PracticeView.swift */ = {isa = PBXFileReference; lastKnownFileType = sourcecode.swift; path = PracticeView.swift; sourceTree = "<group>"; };
		4BB4890B2C349B7300AF3ED1 /* PopUpConfirmationClosed.swift */ = {isa = PBXFileReference; lastKnownFileType = sourcecode.swift; path = PopUpConfirmationClosed.swift; sourceTree = "<group>"; };
		7960B3962C32591E00F32B06 /* SplashView.swift */ = {isa = PBXFileReference; lastKnownFileType = sourcecode.swift; path = SplashView.swift; sourceTree = "<group>"; };
		7960B39C2C32605300F32B06 /* OnBoardingView.swift */ = {isa = PBXFileReference; lastKnownFileType = sourcecode.swift; path = OnBoardingView.swift; sourceTree = "<group>"; };
		799B94742C387B1E00FC2341 /* HomeFirstTimeView.swift */ = {isa = PBXFileReference; lastKnownFileType = sourcecode.swift; path = HomeFirstTimeView.swift; sourceTree = "<group>"; };
		79C2A1D32C330CAB007D16D3 /* FirstOnboarding.swift */ = {isa = PBXFileReference; lastKnownFileType = sourcecode.swift; path = FirstOnboarding.swift; sourceTree = "<group>"; };
		79C2A1D52C330D43007D16D3 /* SecondOnboarding.swift */ = {isa = PBXFileReference; lastKnownFileType = sourcecode.swift; path = SecondOnboarding.swift; sourceTree = "<group>"; };
		79C2A1D72C330D65007D16D3 /* ThirdOnboarding.swift */ = {isa = PBXFileReference; lastKnownFileType = sourcecode.swift; path = ThirdOnboarding.swift; sourceTree = "<group>"; };
		79DCF5072C35C1D400C5A16D /* HistoryView.swift */ = {isa = PBXFileReference; lastKnownFileType = sourcecode.swift; path = HistoryView.swift; sourceTree = "<group>"; };
		E7436F032C342A8300C3635F /* PopUpConfirmation.swift */ = {isa = PBXFileReference; lastKnownFileType = sourcecode.swift; path = PopUpConfirmation.swift; sourceTree = "<group>"; };
		E75D61E22C33E5D30067A9E3 /* PreviewCameraView.swift */ = {isa = PBXFileReference; lastKnownFileType = sourcecode.swift; path = PreviewCameraView.swift; sourceTree = "<group>"; };
		E75D61E42C33EE690067A9E3 /* CustomCameraView.swift */ = {isa = PBXFileReference; lastKnownFileType = sourcecode.swift; path = CustomCameraView.swift; sourceTree = "<group>"; };
		E763DB9D2C2AFEF70087EA5B /* pawprint.app */ = {isa = PBXFileReference; explicitFileType = wrapper.application; includeInIndex = 0; path = pawprint.app; sourceTree = BUILT_PRODUCTS_DIR; };
		E763DBA02C2AFEF80087EA5B /* pawprintApp.swift */ = {isa = PBXFileReference; lastKnownFileType = sourcecode.swift; path = pawprintApp.swift; sourceTree = "<group>"; };
		E763DBA22C2AFEF80087EA5B /* ContentView.swift */ = {isa = PBXFileReference; lastKnownFileType = sourcecode.swift; path = ContentView.swift; sourceTree = "<group>"; };
		E763DBA42C2AFEF90087EA5B /* Assets.xcassets */ = {isa = PBXFileReference; lastKnownFileType = folder.assetcatalog; path = Assets.xcassets; sourceTree = "<group>"; };
		E763DBA72C2AFEF90087EA5B /* Preview Assets.xcassets */ = {isa = PBXFileReference; lastKnownFileType = folder.assetcatalog; path = "Preview Assets.xcassets"; sourceTree = "<group>"; };
		E77E070C2C3675170036E9AC /* PracticeViewModel.swift */ = {isa = PBXFileReference; lastKnownFileType = sourcecode.swift; path = PracticeViewModel.swift; sourceTree = "<group>"; };
		E77E070E2C3675200036E9AC /* HistoryViewModel.swift */ = {isa = PBXFileReference; lastKnownFileType = sourcecode.swift; path = HistoryViewModel.swift; sourceTree = "<group>"; };
		E77E07112C3678B80036E9AC /* GroupLetter.swift */ = {isa = PBXFileReference; lastKnownFileType = sourcecode.swift; path = GroupLetter.swift; sourceTree = "<group>"; };
		E7ACC6992C368DF70098E076 /* HomeView.swift */ = {isa = PBXFileReference; fileEncoding = 4; lastKnownFileType = sourcecode.swift; path = HomeView.swift; sourceTree = "<group>"; };
		E7ACC69B2C368DF70098E076 /* HomeResultView.swift */ = {isa = PBXFileReference; fileEncoding = 4; lastKnownFileType = sourcecode.swift; path = HomeResultView.swift; sourceTree = "<group>"; };
		E7ACC69C2C368DF70098E076 /* GroupLetterSectionView.swift */ = {isa = PBXFileReference; fileEncoding = 4; lastKnownFileType = sourcecode.swift; path = GroupLetterSectionView.swift; sourceTree = "<group>"; };
		E7ACC6A02C368E150098E076 /* HomeViewModel.swift */ = {isa = PBXFileReference; fileEncoding = 4; lastKnownFileType = sourcecode.swift; path = HomeViewModel.swift; sourceTree = "<group>"; };
		E7B00C502C328DF900FAEF87 /* HandwritingAnalyzeResultViewModel.swift */ = {isa = PBXFileReference; lastKnownFileType = sourcecode.swift; path = HandwritingAnalyzeResultViewModel.swift; sourceTree = "<group>"; };
		E7B00C522C328E3A00FAEF87 /* WordResult.swift */ = {isa = PBXFileReference; lastKnownFileType = sourcecode.swift; path = WordResult.swift; sourceTree = "<group>"; };
		E7B00C542C328EF800FAEF87 /* HandwritingAssessmentResultView.swift */ = {isa = PBXFileReference; lastKnownFileType = sourcecode.swift; path = HandwritingAssessmentResultView.swift; sourceTree = "<group>"; };
		E7B00C572C3293B500FAEF87 /* PawPrintButtonStyle.swift */ = {isa = PBXFileReference; lastKnownFileType = sourcecode.swift; path = PawPrintButtonStyle.swift; sourceTree = "<group>"; };
		E7B00C5C2C33E36900FAEF87 /* CameraHandler.swift */ = {isa = PBXFileReference; lastKnownFileType = sourcecode.swift; path = CameraHandler.swift; sourceTree = "<group>"; };
/* End PBXFileReference section */

/* Begin PBXFrameworksBuildPhase section */
		E763DB9A2C2AFEF70087EA5B /* Frameworks */ = {
			isa = PBXFrameworksBuildPhase;
			buildActionMask = 2147483647;
			files = (
				E7436F072C345EE800C3635F /* Lottie in Frameworks */,
			);
			runOnlyForDeploymentPostprocessing = 0;
		};
/* End PBXFrameworksBuildPhase section */

/* Begin PBXGroup section */
		4B3BB2EE2C2D4D5700488386 /* PracticeViews */ = {
			isa = PBXGroup;
			children = (
				E77E07102C36753C0036E9AC /* SubViews */,
				4BB489092C33F33000AF3ED1 /* PracticeView.swift */,
			);
			path = PracticeViews;
			sourceTree = "<group>";
		};
		E763DB942C2AFEF70087EA5B = {
			isa = PBXGroup;
			children = (
				E763DB9F2C2AFEF70087EA5B /* pawprint */,
				E763DB9E2C2AFEF70087EA5B /* Products */,
			);
			sourceTree = "<group>";
		};
		E763DB9E2C2AFEF70087EA5B /* Products */ = {
			isa = PBXGroup;
			children = (
				E763DB9D2C2AFEF70087EA5B /* pawprint.app */,
			);
			name = Products;
			sourceTree = "<group>";
		};
		E763DB9F2C2AFEF70087EA5B /* pawprint */ = {
			isa = PBXGroup;
			children = (
				E77E070A2C3674D30036E9AC /* Shared */,
				E7B00C4F2C328DDA00FAEF87 /* Views */,
				E7B00C4E2C328DBE00FAEF87 /* Models */,
				E7B00C4D2C328DA400FAEF87 /* ViewModels */,
				E763DBA02C2AFEF80087EA5B /* pawprintApp.swift */,
				E763DBA22C2AFEF80087EA5B /* ContentView.swift */,
				E763DBA42C2AFEF90087EA5B /* Assets.xcassets */,
				E763DBA62C2AFEF90087EA5B /* Preview Content */,
			);
			path = pawprint;
			sourceTree = "<group>";
		};
		E763DBA62C2AFEF90087EA5B /* Preview Content */ = {
			isa = PBXGroup;
			children = (
				E763DBA72C2AFEF90087EA5B /* Preview Assets.xcassets */,
			);
			path = "Preview Content";
			sourceTree = "<group>";
		};
		E77E07062C36747A0036E9AC /* CameraViews */ = {
			isa = PBXGroup;
			children = (
				E75D61E42C33EE690067A9E3 /* CustomCameraView.swift */,
				E77E07072C3674840036E9AC /* SubViews */,
			);
			path = CameraViews;
			sourceTree = "<group>";
		};
		E77E07072C3674840036E9AC /* SubViews */ = {
			isa = PBXGroup;
			children = (
				E75D61E22C33E5D30067A9E3 /* PreviewCameraView.swift */,
			);
			path = SubViews;
			sourceTree = "<group>";
		};
		E77E07082C3674B10036E9AC /* OnboardingViews */ = {
			isa = PBXGroup;
			children = (
				7960B39C2C32605300F32B06 /* OnBoardingView.swift */,
				E77E07092C3674B80036E9AC /* SubViews */,
			);
			path = OnboardingViews;
			sourceTree = "<group>";
		};
		E77E07092C3674B80036E9AC /* SubViews */ = {
			isa = PBXGroup;
			children = (
				79C2A1D32C330CAB007D16D3 /* FirstOnboarding.swift */,
				79C2A1D52C330D43007D16D3 /* SecondOnboarding.swift */,
				79C2A1D72C330D65007D16D3 /* ThirdOnboarding.swift */,
			);
			path = SubViews;
			sourceTree = "<group>";
		};
		E77E070A2C3674D30036E9AC /* Shared */ = {
			isa = PBXGroup;
			children = (
				E7B00C562C3293A300FAEF87 /* Components */,
				E7B00C5B2C33E35600FAEF87 /* Handlers */,
			);
			path = Shared;
			sourceTree = "<group>";
		};
		E77E07102C36753C0036E9AC /* SubViews */ = {
			isa = PBXGroup;
			children = (
				4B3BB2F12C2D4DBB00488386 /* DrawingCanvasView.swift */,
				4B3BB2F32C2D4E1D00488386 /* DrawingCanvasViewController.swift */,
			);
			path = SubViews;
			sourceTree = "<group>";
		};
		E7ACC6982C368DF70098E076 /* HomeViews */ = {
			isa = PBXGroup;
			children = (
				E7ACC6992C368DF70098E076 /* HomeView.swift */,
				E7ACC69A2C368DF70098E076 /* SubViews */,
			);
			path = HomeViews;
			sourceTree = "<group>";
		};
		E7ACC69A2C368DF70098E076 /* SubViews */ = {
			isa = PBXGroup;
			children = (
				E7ACC69B2C368DF70098E076 /* HomeResultView.swift */,
				E7ACC69C2C368DF70098E076 /* GroupLetterSectionView.swift */,
				799B94742C387B1E00FC2341 /* HomeFirstTimeView.swift */,
			);
			path = SubViews;
			sourceTree = "<group>";
		};
		E7B00C4D2C328DA400FAEF87 /* ViewModels */ = {
			isa = PBXGroup;
			children = (
				E7ACC6A02C368E150098E076 /* HomeViewModel.swift */,
				E7B00C502C328DF900FAEF87 /* HandwritingAnalyzeResultViewModel.swift */,
				E77E070C2C3675170036E9AC /* PracticeViewModel.swift */,
				E77E070E2C3675200036E9AC /* HistoryViewModel.swift */,
			);
			path = ViewModels;
			sourceTree = "<group>";
		};
		E7B00C4E2C328DBE00FAEF87 /* Models */ = {
			isa = PBXGroup;
			children = (
				E7B00C522C328E3A00FAEF87 /* WordResult.swift */,
				E77E07112C3678B80036E9AC /* GroupLetter.swift */,
			);
			path = Models;
			sourceTree = "<group>";
		};
		E7B00C4F2C328DDA00FAEF87 /* Views */ = {
			isa = PBXGroup;
			children = (
				E7ACC6982C368DF70098E076 /* HomeViews */,
				4B3BB2EE2C2D4D5700488386 /* PracticeViews */,
				E77E07082C3674B10036E9AC /* OnboardingViews */,
				E77E07062C36747A0036E9AC /* CameraViews */,
				E7B00C542C328EF800FAEF87 /* HandwritingAssessmentResultView.swift */,
				7960B3962C32591E00F32B06 /* SplashView.swift */,
				79DCF5072C35C1D400C5A16D /* HistoryView.swift */,
			);
			path = Views;
			sourceTree = "<group>";
		};
		E7B00C562C3293A300FAEF87 /* Components */ = {
			isa = PBXGroup;
			children = (
				E7B00C572C3293B500FAEF87 /* PawPrintButtonStyle.swift */,
				E7436F032C342A8300C3635F /* PopUpConfirmation.swift */,
				4BB4890B2C349B7300AF3ED1 /* PopUpConfirmationClosed.swift */,
			);
			path = Components;
			sourceTree = "<group>";
		};
		E7B00C5B2C33E35600FAEF87 /* Handlers */ = {
			isa = PBXGroup;
			children = (
				E7B00C5C2C33E36900FAEF87 /* CameraHandler.swift */,
			);
			path = Handlers;
			sourceTree = "<group>";
		};
/* End PBXGroup section */

/* Begin PBXNativeTarget section */
		E763DB9C2C2AFEF70087EA5B /* pawprint */ = {
			isa = PBXNativeTarget;
			buildConfigurationList = E763DBAB2C2AFEF90087EA5B /* Build configuration list for PBXNativeTarget "pawprint" */;
			buildPhases = (
				E763DB992C2AFEF70087EA5B /* Sources */,
				E763DB9A2C2AFEF70087EA5B /* Frameworks */,
				E763DB9B2C2AFEF70087EA5B /* Resources */,
			);
			buildRules = (
			);
			dependencies = (
			);
			name = pawprint;
			packageProductDependencies = (
				E7436F062C345EE800C3635F /* Lottie */,
			);
			productName = pawprint;
			productReference = E763DB9D2C2AFEF70087EA5B /* pawprint.app */;
			productType = "com.apple.product-type.application";
		};
/* End PBXNativeTarget section */

/* Begin PBXProject section */
		E763DB952C2AFEF70087EA5B /* Project object */ = {
			isa = PBXProject;
			attributes = {
				BuildIndependentTargetsInParallel = 1;
				LastSwiftUpdateCheck = 1520;
				LastUpgradeCheck = 1520;
				TargetAttributes = {
					E763DB9C2C2AFEF70087EA5B = {
						CreatedOnToolsVersion = 15.2;
					};
				};
			};
			buildConfigurationList = E763DB982C2AFEF70087EA5B /* Build configuration list for PBXProject "pawprint" */;
			compatibilityVersion = "Xcode 14.0";
			developmentRegion = en;
			hasScannedForEncodings = 0;
			knownRegions = (
				en,
				Base,
			);
			mainGroup = E763DB942C2AFEF70087EA5B;
			packageReferences = (
				E7436F052C345EE800C3635F /* XCRemoteSwiftPackageReference "lottie-spm" */,
			);
			productRefGroup = E763DB9E2C2AFEF70087EA5B /* Products */;
			projectDirPath = "";
			projectRoot = "";
			targets = (
				E763DB9C2C2AFEF70087EA5B /* pawprint */,
			);
		};
/* End PBXProject section */

/* Begin PBXResourcesBuildPhase section */
		E763DB9B2C2AFEF70087EA5B /* Resources */ = {
			isa = PBXResourcesBuildPhase;
			buildActionMask = 2147483647;
			files = (
				E763DBA82C2AFEF90087EA5B /* Preview Assets.xcassets in Resources */,
				E763DBA52C2AFEF90087EA5B /* Assets.xcassets in Resources */,
			);
			runOnlyForDeploymentPostprocessing = 0;
		};
/* End PBXResourcesBuildPhase section */

/* Begin PBXSourcesBuildPhase section */
		E763DB992C2AFEF70087EA5B /* Sources */ = {
			isa = PBXSourcesBuildPhase;
			buildActionMask = 2147483647;
			files = (
				4BB4890C2C349B7300AF3ED1 /* PopUpConfirmationClosed.swift in Sources */,
				E75D61E52C33EE690067A9E3 /* CustomCameraView.swift in Sources */,
				E75D61E32C33E5D30067A9E3 /* PreviewCameraView.swift in Sources */,
				E7ACC69D2C368DF70098E076 /* HomeView.swift in Sources */,
				E77E070D2C3675170036E9AC /* PracticeViewModel.swift in Sources */,
				E77E070F2C3675200036E9AC /* HistoryViewModel.swift in Sources */,
				79DCF5082C35C1D400C5A16D /* HistoryView.swift in Sources */,
				79C2A1D82C330D65007D16D3 /* ThirdOnboarding.swift in Sources */,
				4BB4890A2C33F33000AF3ED1 /* PracticeView.swift in Sources */,
				E77E07122C3678B80036E9AC /* GroupLetter.swift in Sources */,
				E7B00C582C3293B500FAEF87 /* PawPrintButtonStyle.swift in Sources */,
				E7B00C512C328DF900FAEF87 /* HandwritingAnalyzeResultViewModel.swift in Sources */,
				E7ACC69F2C368DF70098E076 /* GroupLetterSectionView.swift in Sources */,
				E7ACC69E2C368DF70098E076 /* HomeResultView.swift in Sources */,
				E763DBA32C2AFEF80087EA5B /* ContentView.swift in Sources */,
				E7B00C532C328E3A00FAEF87 /* WordResult.swift in Sources */,
				E7B00C5D2C33E36900FAEF87 /* CameraHandler.swift in Sources */,
				E7B00C552C328EF800FAEF87 /* HandwritingAssessmentResultView.swift in Sources */,
				79C2A1D42C330CAB007D16D3 /* FirstOnboarding.swift in Sources */,
				79C2A1D62C330D43007D16D3 /* SecondOnboarding.swift in Sources */,
				E763DBA12C2AFEF80087EA5B /* pawprintApp.swift in Sources */,
				7960B3972C32591E00F32B06 /* SplashView.swift in Sources */,
				7960B39D2C32605300F32B06 /* OnBoardingView.swift in Sources */,
				E7ACC6A12C368E150098E076 /* HomeViewModel.swift in Sources */,
				4B3BB2F42C2D4E1D00488386 /* DrawingCanvasViewController.swift in Sources */,
				799B94752C387B1E00FC2341 /* HomeFirstTimeView.swift in Sources */,
				E763DBA12C2AFEF80087EA5B /* pawprintApp.swift in Sources */,
				4B3BB2F22C2D4DBB00488386 /* DrawingCanvasView.swift in Sources */,
				E7436F042C342A8300C3635F /* PopUpConfirmation.swift in Sources */,
			);
			runOnlyForDeploymentPostprocessing = 0;
		};
/* End PBXSourcesBuildPhase section */

/* Begin XCBuildConfiguration section */
		E763DBA92C2AFEF90087EA5B /* Debug */ = {
			isa = XCBuildConfiguration;
			buildSettings = {
				ALWAYS_SEARCH_USER_PATHS = NO;
				ASSETCATALOG_COMPILER_GENERATE_SWIFT_ASSET_SYMBOL_EXTENSIONS = YES;
				CLANG_ANALYZER_NONNULL = YES;
				CLANG_ANALYZER_NUMBER_OBJECT_CONVERSION = YES_AGGRESSIVE;
				CLANG_CXX_LANGUAGE_STANDARD = "gnu++20";
				CLANG_ENABLE_MODULES = YES;
				CLANG_ENABLE_OBJC_ARC = YES;
				CLANG_ENABLE_OBJC_WEAK = YES;
				CLANG_WARN_BLOCK_CAPTURE_AUTORELEASING = YES;
				CLANG_WARN_BOOL_CONVERSION = YES;
				CLANG_WARN_COMMA = YES;
				CLANG_WARN_CONSTANT_CONVERSION = YES;
				CLANG_WARN_DEPRECATED_OBJC_IMPLEMENTATIONS = YES;
				CLANG_WARN_DIRECT_OBJC_ISA_USAGE = YES_ERROR;
				CLANG_WARN_DOCUMENTATION_COMMENTS = YES;
				CLANG_WARN_EMPTY_BODY = YES;
				CLANG_WARN_ENUM_CONVERSION = YES;
				CLANG_WARN_INFINITE_RECURSION = YES;
				CLANG_WARN_INT_CONVERSION = YES;
				CLANG_WARN_NON_LITERAL_NULL_CONVERSION = YES;
				CLANG_WARN_OBJC_IMPLICIT_RETAIN_SELF = YES;
				CLANG_WARN_OBJC_LITERAL_CONVERSION = YES;
				CLANG_WARN_OBJC_ROOT_CLASS = YES_ERROR;
				CLANG_WARN_QUOTED_INCLUDE_IN_FRAMEWORK_HEADER = YES;
				CLANG_WARN_RANGE_LOOP_ANALYSIS = YES;
				CLANG_WARN_STRICT_PROTOTYPES = YES;
				CLANG_WARN_SUSPICIOUS_MOVE = YES;
				CLANG_WARN_UNGUARDED_AVAILABILITY = YES_AGGRESSIVE;
				CLANG_WARN_UNREACHABLE_CODE = YES;
				CLANG_WARN__DUPLICATE_METHOD_MATCH = YES;
				COPY_PHASE_STRIP = NO;
				DEBUG_INFORMATION_FORMAT = dwarf;
				ENABLE_STRICT_OBJC_MSGSEND = YES;
				ENABLE_TESTABILITY = YES;
				ENABLE_USER_SCRIPT_SANDBOXING = YES;
				GCC_C_LANGUAGE_STANDARD = gnu17;
				GCC_DYNAMIC_NO_PIC = NO;
				GCC_NO_COMMON_BLOCKS = YES;
				GCC_OPTIMIZATION_LEVEL = 0;
				GCC_PREPROCESSOR_DEFINITIONS = (
					"DEBUG=1",
					"$(inherited)",
				);
				GCC_WARN_64_TO_32_BIT_CONVERSION = YES;
				GCC_WARN_ABOUT_RETURN_TYPE = YES_ERROR;
				GCC_WARN_UNDECLARED_SELECTOR = YES;
				GCC_WARN_UNINITIALIZED_AUTOS = YES_AGGRESSIVE;
				GCC_WARN_UNUSED_FUNCTION = YES;
				GCC_WARN_UNUSED_VARIABLE = YES;
				IPHONEOS_DEPLOYMENT_TARGET = 17.2;
				LOCALIZATION_PREFERS_STRING_CATALOGS = YES;
				MTL_ENABLE_DEBUG_INFO = INCLUDE_SOURCE;
				MTL_FAST_MATH = YES;
				ONLY_ACTIVE_ARCH = YES;
				SDKROOT = iphoneos;
				SWIFT_ACTIVE_COMPILATION_CONDITIONS = "DEBUG $(inherited)";
				SWIFT_OPTIMIZATION_LEVEL = "-Onone";
			};
			name = Debug;
		};
		E763DBAA2C2AFEF90087EA5B /* Release */ = {
			isa = XCBuildConfiguration;
			buildSettings = {
				ALWAYS_SEARCH_USER_PATHS = NO;
				ASSETCATALOG_COMPILER_GENERATE_SWIFT_ASSET_SYMBOL_EXTENSIONS = YES;
				CLANG_ANALYZER_NONNULL = YES;
				CLANG_ANALYZER_NUMBER_OBJECT_CONVERSION = YES_AGGRESSIVE;
				CLANG_CXX_LANGUAGE_STANDARD = "gnu++20";
				CLANG_ENABLE_MODULES = YES;
				CLANG_ENABLE_OBJC_ARC = YES;
				CLANG_ENABLE_OBJC_WEAK = YES;
				CLANG_WARN_BLOCK_CAPTURE_AUTORELEASING = YES;
				CLANG_WARN_BOOL_CONVERSION = YES;
				CLANG_WARN_COMMA = YES;
				CLANG_WARN_CONSTANT_CONVERSION = YES;
				CLANG_WARN_DEPRECATED_OBJC_IMPLEMENTATIONS = YES;
				CLANG_WARN_DIRECT_OBJC_ISA_USAGE = YES_ERROR;
				CLANG_WARN_DOCUMENTATION_COMMENTS = YES;
				CLANG_WARN_EMPTY_BODY = YES;
				CLANG_WARN_ENUM_CONVERSION = YES;
				CLANG_WARN_INFINITE_RECURSION = YES;
				CLANG_WARN_INT_CONVERSION = YES;
				CLANG_WARN_NON_LITERAL_NULL_CONVERSION = YES;
				CLANG_WARN_OBJC_IMPLICIT_RETAIN_SELF = YES;
				CLANG_WARN_OBJC_LITERAL_CONVERSION = YES;
				CLANG_WARN_OBJC_ROOT_CLASS = YES_ERROR;
				CLANG_WARN_QUOTED_INCLUDE_IN_FRAMEWORK_HEADER = YES;
				CLANG_WARN_RANGE_LOOP_ANALYSIS = YES;
				CLANG_WARN_STRICT_PROTOTYPES = YES;
				CLANG_WARN_SUSPICIOUS_MOVE = YES;
				CLANG_WARN_UNGUARDED_AVAILABILITY = YES_AGGRESSIVE;
				CLANG_WARN_UNREACHABLE_CODE = YES;
				CLANG_WARN__DUPLICATE_METHOD_MATCH = YES;
				COPY_PHASE_STRIP = NO;
				DEBUG_INFORMATION_FORMAT = "dwarf-with-dsym";
				ENABLE_NS_ASSERTIONS = NO;
				ENABLE_STRICT_OBJC_MSGSEND = YES;
				ENABLE_USER_SCRIPT_SANDBOXING = YES;
				GCC_C_LANGUAGE_STANDARD = gnu17;
				GCC_NO_COMMON_BLOCKS = YES;
				GCC_WARN_64_TO_32_BIT_CONVERSION = YES;
				GCC_WARN_ABOUT_RETURN_TYPE = YES_ERROR;
				GCC_WARN_UNDECLARED_SELECTOR = YES;
				GCC_WARN_UNINITIALIZED_AUTOS = YES_AGGRESSIVE;
				GCC_WARN_UNUSED_FUNCTION = YES;
				GCC_WARN_UNUSED_VARIABLE = YES;
				IPHONEOS_DEPLOYMENT_TARGET = 17.2;
				LOCALIZATION_PREFERS_STRING_CATALOGS = YES;
				MTL_ENABLE_DEBUG_INFO = NO;
				MTL_FAST_MATH = YES;
				SDKROOT = iphoneos;
				SWIFT_COMPILATION_MODE = wholemodule;
				VALIDATE_PRODUCT = YES;
			};
			name = Release;
		};
		E763DBAC2C2AFEF90087EA5B /* Debug */ = {
			isa = XCBuildConfiguration;
			buildSettings = {
				ASSETCATALOG_COMPILER_APPICON_NAME = AppIcon;
				ASSETCATALOG_COMPILER_GLOBAL_ACCENT_COLOR_NAME = AccentColor;
				CODE_SIGN_STYLE = Automatic;
				CURRENT_PROJECT_VERSION = 1;
				DEVELOPMENT_ASSET_PATHS = "\"pawprint/Preview Content\"";
				DEVELOPMENT_TEAM = WHG3N2U8WV;
				ENABLE_PREVIEWS = YES;
				GENERATE_INFOPLIST_FILE = YES;
				INFOPLIST_KEY_NSCameraUsageDescription = "$(PRODUCT_NAME) need access to use camera";
				INFOPLIST_KEY_UIApplicationSceneManifest_Generation = YES;
				INFOPLIST_KEY_UIApplicationSupportsIndirectInputEvents = YES;
				INFOPLIST_KEY_UILaunchScreen_Generation = YES;
				INFOPLIST_KEY_UISupportedInterfaceOrientations = "UIInterfaceOrientationLandscapeLeft UIInterfaceOrientationLandscapeRight";
				INFOPLIST_KEY_UISupportedInterfaceOrientations_iPad = UIInterfaceOrientationLandscapeRight;
				LD_RUNPATH_SEARCH_PATHS = (
					"$(inherited)",
					"@executable_path/Frameworks",
				);
				MARKETING_VERSION = 1.0;
				PRODUCT_BUNDLE_IDENTIFIER = com.sansfardeau.pawprint;
				PRODUCT_NAME = "$(TARGET_NAME)";
				SUPPORTED_PLATFORMS = "iphoneos iphonesimulator";
				SUPPORTS_MACCATALYST = NO;
				SUPPORTS_MAC_DESIGNED_FOR_IPHONE_IPAD = NO;
				SUPPORTS_XR_DESIGNED_FOR_IPHONE_IPAD = NO;
				SWIFT_EMIT_LOC_STRINGS = YES;
				SWIFT_VERSION = 5.0;
				TARGETED_DEVICE_FAMILY = "1,2";
			};
			name = Debug;
		};
		E763DBAD2C2AFEF90087EA5B /* Release */ = {
			isa = XCBuildConfiguration;
			buildSettings = {
				ASSETCATALOG_COMPILER_APPICON_NAME = AppIcon;
				ASSETCATALOG_COMPILER_GLOBAL_ACCENT_COLOR_NAME = AccentColor;
				CODE_SIGN_STYLE = Automatic;
				CURRENT_PROJECT_VERSION = 1;
				DEVELOPMENT_ASSET_PATHS = "\"pawprint/Preview Content\"";
				DEVELOPMENT_TEAM = WHG3N2U8WV;
				ENABLE_PREVIEWS = YES;
				GENERATE_INFOPLIST_FILE = YES;
				INFOPLIST_KEY_NSCameraUsageDescription = "$(PRODUCT_NAME) need access to use camera";
				INFOPLIST_KEY_UIApplicationSceneManifest_Generation = YES;
				INFOPLIST_KEY_UIApplicationSupportsIndirectInputEvents = YES;
				INFOPLIST_KEY_UILaunchScreen_Generation = YES;
				INFOPLIST_KEY_UISupportedInterfaceOrientations = "UIInterfaceOrientationLandscapeLeft UIInterfaceOrientationLandscapeRight";
				INFOPLIST_KEY_UISupportedInterfaceOrientations_iPad = UIInterfaceOrientationLandscapeRight;
				LD_RUNPATH_SEARCH_PATHS = (
					"$(inherited)",
					"@executable_path/Frameworks",
				);
				MARKETING_VERSION = 1.0;
				PRODUCT_BUNDLE_IDENTIFIER = com.sansfardeau.pawprint;
				PRODUCT_NAME = "$(TARGET_NAME)";
				SUPPORTED_PLATFORMS = "iphoneos iphonesimulator";
				SUPPORTS_MACCATALYST = NO;
				SUPPORTS_MAC_DESIGNED_FOR_IPHONE_IPAD = NO;
				SUPPORTS_XR_DESIGNED_FOR_IPHONE_IPAD = NO;
				SWIFT_EMIT_LOC_STRINGS = YES;
				SWIFT_VERSION = 5.0;
				TARGETED_DEVICE_FAMILY = "1,2";
			};
			name = Release;
		};
/* End XCBuildConfiguration section */

/* Begin XCConfigurationList section */
		E763DB982C2AFEF70087EA5B /* Build configuration list for PBXProject "pawprint" */ = {
			isa = XCConfigurationList;
			buildConfigurations = (
				E763DBA92C2AFEF90087EA5B /* Debug */,
				E763DBAA2C2AFEF90087EA5B /* Release */,
			);
			defaultConfigurationIsVisible = 0;
			defaultConfigurationName = Release;
		};
		E763DBAB2C2AFEF90087EA5B /* Build configuration list for PBXNativeTarget "pawprint" */ = {
			isa = XCConfigurationList;
			buildConfigurations = (
				E763DBAC2C2AFEF90087EA5B /* Debug */,
				E763DBAD2C2AFEF90087EA5B /* Release */,
			);
			defaultConfigurationIsVisible = 0;
			defaultConfigurationName = Release;
		};
/* End XCConfigurationList section */

/* Begin XCRemoteSwiftPackageReference section */
		E7436F052C345EE800C3635F /* XCRemoteSwiftPackageReference "lottie-spm" */ = {
			isa = XCRemoteSwiftPackageReference;
			repositoryURL = "https://github.com/airbnb/lottie-spm.git";
			requirement = {
				kind = upToNextMajorVersion;
				minimumVersion = 4.4.3;
			};
		};
/* End XCRemoteSwiftPackageReference section */

/* Begin XCSwiftPackageProductDependency section */
		E7436F062C345EE800C3635F /* Lottie */ = {
			isa = XCSwiftPackageProductDependency;
			package = E7436F052C345EE800C3635F /* XCRemoteSwiftPackageReference "lottie-spm" */;
			productName = Lottie;
		};
/* End XCSwiftPackageProductDependency section */
	};
	rootObject = E763DB952C2AFEF70087EA5B /* Project object */;
}
